
Microsoft Visual Studio Solution File, Format Version 12.00
# Visual Studio Version 17
VisualStudioVersion = 17.3.32901.215
MinimumVisualStudioVersion = 10.0.40219.1
Project("{FAE04EC0-301F-11D3-BF4B-00C04F79EFBC}") = "WebCongNghe", "WebCongNghe\WebCongNghe.csproj", "{6FA9DC88-F404-42B2-84E2-61AA15394604}"
EndProject
Global
	GlobalSection(SolutionConfigurationPlatforms) = preSolution
		Debug|Any CPU = Debug|Any CPU
		Release|Any CPU = Release|Any CPU
	EndGlobalSection
	GlobalSection(ProjectConfigurationPlatforms) = postSolution
		{6FA9DC88-F404-42B2-84E2-61AA15394604}.Debug|Any CPU.ActiveCfg = Debug|Any CPU
		{6FA9DC88-F404-42B2-84E2-61AA15394604}.Debug|Any CPU.Build.0 = Debug|Any CPU
		{6FA9DC88-F404-42B2-84E2-61AA15394604}.Release|Any CPU.ActiveCfg = Release|Any CPU
		{6FA9DC88-F404-42B2-84E2-61AA15394604}.Release|Any CPU.Build.0 = Release|Any CPU
	EndGlobalSection
	GlobalSection(SolutionProperties) = preSolution
		HideSolutionNode = FALSE
	EndGlobalSection
	GlobalSection(ExtensibilityGlobals) = postSolution
		SolutionGuid = {0D2336C8-872E-479A-A9FB-9F05CE246005}
	EndGlobalSection
EndGlobal
